{
    "_meta": {
        "hash": {
            "sha256": "387c9cdee380c9f34448b04885e42feb0ef119d11dac850a2cebae06b625bdd7"
        },
        "pipfile-spec": 6,
        "requires": {
            "python_version": "3.11"
        },
        "sources": [
            {
                "name": "pypi",
                "url": "https://pypi.org/simple",
                "verify_ssl": true
            }
        ]
    },
    "default": {
        "asgiref": {
            "hashes": [
                "sha256:3e1e3ecc849832fe52ccf2cb6686b7a55f82bb1d6aee72a58826471390335e47",
                "sha256:c343bd80a0bec947a9860adb4c432ffa7db769836c64238fc34bdc3fec84d590"
            ],
            "markers": "python_version >= '3.8'",
            "version": "==3.8.1"
        },
        "django": {
            "hashes": [
                "sha256:1e39eafdd1b185e761d9fab7a9f0b9fa00af1b37b25ad980a8aa0dac13535690",
                "sha256:8d203400bc2952fbfb287c2bbda630297d654920c72a73cc82a9ad7926feaad5"
            ],
            "index": "pypi",
            "markers": "python_version >= '3.10'",
            "version": "==5.1.6"
        },
        "django-cors-headers": {
            "hashes": [
                "sha256:6fdf31bf9c6d6448ba09ef57157db2268d515d94fc5c89a0a1028e1fc03ee52b",
                "sha256:f1c125dcd58479fe7a67fe2499c16ee38b81b397463cf025f0e2c42937421070"
            ],
            "index": "pypi",
            "markers": "python_version >= '3.9'",
            "version": "==4.7.0"
        },
        "django-environ": {
            "hashes": [
                "sha256:227dc891453dd5bde769c3449cf4a74b6f2ee8f7ab2361c93a07068f4179041a",
                "sha256:92fb346a158abda07ffe6eb23135ce92843af06ecf8753f43adf9d2366dcc0ca"
            ],
            "index": "pypi",
            "markers": "python_version >= '3.9' and python_version < '4'",
            "version": "==0.12.0"
        },
        "django-filter": {
            "hashes": [
                "sha256:c4852822928ce17fb699bcfccd644b3574f1a2d80aeb2b4ff4f16b02dd49dc64",
                "sha256:d8ccaf6732afd21ca0542f6733b11591030fa98669f8d15599b358e24a2cd9c3"
            ],
            "markers": "python_version >= '3.8'",
            "version": "==24.3"
        },
        "django-leaflet": {
            "hashes": [
                "sha256:914d973a30730eafec4cd822e7107bbd71a6d2e0106b6e919fd9eea67bbcbc5c",
                "sha256:fb2b75f84aff60d4058659300f31a711554c65d128bade5fa8088637fb0751f7"
            ],
            "index": "pypi",
            "markers": "python_version >= '3.8'",
            "version": "==0.31.0"
        },
        "djangorestframework": {
            "hashes": [
                "sha256:2b8871b062ba1aefc2de01f773875441a961fefbf79f5eed1e32b2f096944b20",
                "sha256:36fe88cd2d6c6bec23dca9804bab2ba5517a8bb9d8f47ebc68981b56840107ad"
            ],
            "index": "pypi",
            "markers": "python_version >= '3.8'",
            "version": "==3.15.2"
        },
        "djangorestframework-gis": {
            "hashes": [
                "sha256:84b915503a59263ed9473ecde34b19260c3e9c5c8ebb3aea8d91a67fd39f7215",
                "sha256:fd8631c2c10208df5f05ee297ce333aaa9a794acd654420207f72e8f9acd59ea"
            ],
            "index": "pypi",
            "version": "==1.1"
        },
        "psycopg": {
            "hashes": [
                "sha256:43665368ccd48180744cab26b74332f46b63b7e06e8ce0775547a3533883d381",
                "sha256:f26f1346d6bf1ef5f5ef1714dd405c67fb365cfd1c6cea07de1792747b167b92"
            ],
            "index": "pypi",
            "markers": "python_version >= '3.8'",
            "version": "==3.2.4"
        },
        "psycopg-binary": {
            "hashes": [
                "sha256:03bf7ee7e0002c2cce43ecb923ec510358056eb2e44a96afaeb0424518f35206",
                "sha256:04144d1963aa3309247980f1a742b98e15f60d68ea9745143c433f99aaeb70d7",
                "sha256:04171f9af9ab567c0fd339bac06f2c75836db839cebac5bd07824778dafa7f0e",
                "sha256:0958dd3bfffbdef86594a6fa45255d4389ade94d17572bdf5207a900166a3cba",
                "sha256:1145c3c038e6dbe7127309cc9bbe209bce5743f9f02a2a65c4f9478bd794598e",
                "sha256:158fa0dbda433e0069bd2b6ffdf357c9fcdb84ec5e3b353fb8206636873b54f9",
                "sha256:166e68b1e42862b18570d636a7b615630552daeab8b129083aa094f848be64b0",
                "sha256:196d8426a9220d29c118eec6074034648267c176d220cb42c49b3c9c396f0dbc",
                "sha256:21d369bac7606157ef2699a0ff65c8d43d274f0178fd03241babb5f86b7586f7",
                "sha256:220de8efcc276e42ba7cc7ed613145b1274b6b5de321a1396fb6b6ce1758d34c",
                "sha256:22cf23d037310ae08feceea5e24f727b1ef816867188dbec2edde2e7237b0004",
                "sha256:244e1dd33b694792b7bc7a3d412a535ba39116218b07d8936b4591567f4121e9",
                "sha256:26aed7ff8691ba810de95718d3bc81a43fd48a4036c3641ef711eb5f71fc7106",
                "sha256:279faafe9a4cdaeeee7844c19cccb865328bd55a2bf4012fef8d7040223a5245",
                "sha256:295c25e56b430d786a475c5c2cef266b0b27c0a6fcaadf9d83a4cdcfb76f971f",
                "sha256:2ddec5deed4c93a1bd73f210bed6dadbabc470ac1f9ebf55fa260e48396fd61f",
                "sha256:2e58eeba520d405b2ad72dffaafd04d0b592bef870e718bf37c261e89a75450a",
                "sha256:3955381dacc6d15f3838d5f25445ee99f80882876a163f8de0c01ffc54aeef4a",
                "sha256:3ac24b3d421127ebe8662eba2c1e149a12f0f5b6795e66c1811a3f59111456bb",
                "sha256:3ccf4f71c3a0d46bc74207bf7997f010a6586414161dd10f3dd026ec059942ef",
                "sha256:3dae2e50b0d3425c167eebbedc3553f7c811dbc0dbfc737b6877f68a03be7daf",
                "sha256:4a56b55072a3e0629e6421a7f6fdd4eecc0eba4e9cedaaf2e7578ac62c336680",
                "sha256:501113e4d84887c03f83c7d8886c0744fe088fd6b633b919ebf7af4f0f7186be",
                "sha256:5a462bdd427330418fa2a011b6494103edd94cacd4f5b00e598bcbd1c8d20fb9",
                "sha256:5c487f35a1905bb15da927c1fc05f70f3d29f0e21fb4ba21d360a0da9c755f20",
                "sha256:5f5c85eeb63b1a8a6b026eef57f5da36ff215ce9a6a3bb8e20a409670d6cfbda",
                "sha256:610cd2013ee0849154fcff34b0cca17f720c91c7430ca094a61f1e5ff1d38e15",
                "sha256:6b9558f9d101907e412ea12c355e8989c811d382d893ba6a541c091e6d916164",
                "sha256:769804b4f753ddec9403183a6d4577d5b696fc49c2451421013fb06d6fa2f288",
                "sha256:7d4f0c9b01eb933ce35bb32a54205f48d7bc36bf455565afe269cabcb7973955",
                "sha256:7ddf1494cc3bf60761c01265c44dfc7a7fd63f21308c403c14f5dd91702df84d",
                "sha256:80297c3a9f7b5a6afdb0d8f220661ccd796e5c9128c44b32c41267f7daefd37f",
                "sha256:81ab801c0d35830c876bf0d1edc8e7dd2f73aa2b04fe24eb812159c0b054d149",
                "sha256:870df866f789bb641a350897c1751c293b9420f46be4eb366d190ff5f2f2ffd8",
                "sha256:89506e268fb95428fb0f8f7abe48032e66cf47390469e11a4fe989f7407a5d88",
                "sha256:8a4b65eaf44dfed0b47e6ebd392e88cd3cff62ea11652d92db6fefeb2608ed25",
                "sha256:8bd54787d894261ff48d5c4b7f23e281c05c9a5ac67355eff7d29cfbcde640cd",
                "sha256:8c7b95899d4d6d23c5cc46cb3419e8e6ca68d867509432ee1487042564a1ea55",
                "sha256:90423ff7a0c1f4001b8d54e6c7866f5bbb778f3f4272a70a7926878fe7d8763c",
                "sha256:95da59edd95f6b6488799c9710fafc2d5750e3ec6328ec991f7a9be04efe6886",
                "sha256:9633c5dc6796d11766d2475e62335b67e5f99f119f40ba1675c1d23208d7709d",
                "sha256:a249cdc6a5c2b5088a8677acba66b291e5237524739ab3d27498e1ef189312f5",
                "sha256:a3409151b91df85ef99a72d137aba289e1d7b5d4ac7750b37183674421903e04",
                "sha256:a5b68ba52bdf3ed86a8a1f1ac809ecd775ffd7bb611438d3ab9e1ee572742f95",
                "sha256:a9fa48a2dc54c4e906d7dd781031d227d1b13966deff7e5ece5b037588643190",
                "sha256:b1ae8cf8694d01788be5f418f6cada813e2b86cef67efba9c60cb9371cee9eb9",
                "sha256:b558d3de315d18819ce477908e27518cbdd3275717c6193b58dde36f0443e167",
                "sha256:b71e98e3186f08473962e1ea4bfbc4387ecc398644b794cb112ad0a4276e3789",
                "sha256:b84c3f51969d33266640c218ad5bb5f8487e6a991db7a95b2c3c46fbda37a77c",
                "sha256:c09b765960480c4586758a3c16f0ee0db6f7e2f31c88cccb5e7d7024215468cd",
                "sha256:c09e02ce1124eb6638b3381df050a8cf88aedfad4522f939945cda49050a990c",
                "sha256:c336e58a48061a9189d3ba8c19f00fe5d9570219e6f7f954b923ad5c33e5bc71",
                "sha256:c716f75b5c0388fc5283b5124046292c727511dd8c6aa59ca2dc644b9a2ed0cd",
                "sha256:cb18cfbb1cfc8172786ceefd314f0faa05c40ea93b3db7194d0f6bbbbfedb42a",
                "sha256:d092b0aa80b8c3ee0701a7252cbfb0bdb742e1f74aaf0c1a13ef22c05c9266ab",
                "sha256:d2960ba8a5c0ad75e184f6d8bf76bdf023708999efe75fe4e13445136c1cd206",
                "sha256:d993ecfa7f2ac30108d57e7418732d70aa399ccb4a8ca1cf415638679fb32e8b",
                "sha256:e2e8050347018f596a63f5dccbb92fb68bca52b13912cb8fc40184b24c0e534f",
                "sha256:e3b4c9b9a112d43533f7dbdedbb1188107d4ddcd262e2a2af41b4de0caf7d053",
                "sha256:e7ba7b2ff25a6405826f627fb7d0f1e06e5c08ae25ffabc74a5e9ec7b0a63b85",
                "sha256:e889fe21c578c6c533c8550e1b3ba5d2cc5d151890458fa5fbfc2ca3b2324cfa",
                "sha256:eac61931bc90c1c6fdc648452894d3a434a005ffefaf12819b4709548c894bf2",
                "sha256:f702f36204127984dd212eb57bb328676abdfe8a56f179e408a806d5e520aa11",
                "sha256:f8dc8f4de5130c6278dd5e34b18ad8324a74658a7adb72d4e67ca97f9aeaaf3c",
                "sha256:fa4acea9ca20a567c3872a5afab2084751530bb57b8fb6b52820d5c54e7c8c3b"
            ],
            "index": "pypi",
            "markers": "python_version >= '3.8'",
            "version": "==3.2.4"
        },
        "sqlparse": {
            "hashes": [
                "sha256:09f67787f56a0b16ecdbde1bfc7f5d9c3371ca683cfeaa8e6ff60b4807ec9272",
                "sha256:cf2196ed3418f3ba5de6af7e82c694a9fbdbfecccdfc72e281548517081f16ca"
            ],
            "markers": "python_version >= '3.8'",
            "version": "==0.5.3"
        },
        "typing-extensions": {
            "hashes": [
                "sha256:04e5ca0351e0f3f85c6853954072df659d0d13fac324d0072316b67d7794700d",
                "sha256:1a7ead55c7e559dd4dee8856e3a88b41225abfe1ce8df57b7c13915fe121ffb8"
            ],
            "markers": "python_version >= '3.8'",
            "version": "==4.12.2"
        },
        "tzdata": {
            "hashes": [
                "sha256:24894909e88cdb28bd1636c6887801df64cb485bd593f2fd83ef29075a81d694",
                "sha256:7e127113816800496f027041c570f50bcd464a020098a3b6b199517772303639"
            ],
            "markers": "python_version >= '2'",
            "version": "==2025.1"
        }
    },
    "develop": {
        "asgiref": {
            "hashes": [
                "sha256:3e1e3ecc849832fe52ccf2cb6686b7a55f82bb1d6aee72a58826471390335e47",
                "sha256:c343bd80a0bec947a9860adb4c432ffa7db769836c64238fc34bdc3fec84d590"
            ],
            "markers": "python_version >= '3.8'",
            "version": "==3.8.1"
        },
        "black": {
            "hashes": [
                "sha256:030b9759066a4ee5e5aca28c3c77f9c64789cdd4de8ac1df642c40b708be6171",
                "sha256:055e59b198df7ac0b7efca5ad7ff2516bca343276c466be72eb04a3bcc1f82d7",
                "sha256:0e519ecf93120f34243e6b0054db49c00a35f84f195d5bce7e9f5cfc578fc2da",
                "sha256:172b1dbff09f86ce6f4eb8edf9dede08b1fce58ba194c87d7a4f1a5aa2f5b3c2",
                "sha256:1e2978f6df243b155ef5fa7e558a43037c3079093ed5d10fd84c43900f2d8ecc",
                "sha256:33496d5cd1222ad73391352b4ae8da15253c5de89b93a80b3e2c8d9a19ec2666",
                "sha256:3b48735872ec535027d979e8dcb20bf4f70b5ac75a8ea99f127c106a7d7aba9f",
                "sha256:4b60580e829091e6f9238c848ea6750efed72140b91b048770b64e74fe04908b",
                "sha256:759e7ec1e050a15f89b770cefbf91ebee8917aac5c20483bc2d80a6c3a04df32",
                "sha256:8f0b18a02996a836cc9c9c78e5babec10930862827b1b724ddfe98ccf2f2fe4f",
                "sha256:95e8176dae143ba9097f351d174fdaf0ccd29efb414b362ae3fd72bf0f710717",
                "sha256:96c1c7cd856bba8e20094e36e0f948718dc688dba4a9d78c3adde52b9e6c2299",
                "sha256:a1ee0a0c330f7b5130ce0caed9936a904793576ef4d2b98c40835d6a65afa6a0",
                "sha256:a22f402b410566e2d1c950708c77ebf5ebd5d0d88a6a2e87c86d9fb48afa0d18",
                "sha256:a39337598244de4bae26475f77dda852ea00a93bd4c728e09eacd827ec929df0",
                "sha256:afebb7098bfbc70037a053b91ae8437c3857482d3a690fefc03e9ff7aa9a5fd3",
                "sha256:bacabb307dca5ebaf9c118d2d2f6903da0d62c9faa82bd21a33eecc319559355",
                "sha256:bce2e264d59c91e52d8000d507eb20a9aca4a778731a08cfff7e5ac4a4bb7096",
                "sha256:d9e6827d563a2c820772b32ce8a42828dc6790f095f441beef18f96aa6f8294e",
                "sha256:db8ea9917d6f8fc62abd90d944920d95e73c83a5ee3383493e35d271aca872e9",
                "sha256:ea0213189960bda9cf99be5b8c8ce66bb054af5e9e861249cd23471bd7b0b3ba",
                "sha256:f3df5f1bf91d36002b0a75389ca8663510cf0531cca8aa5c1ef695b46d98655f"
            ],
            "index": "pypi",
            "markers": "python_version >= '3.9'",
            "version": "==25.1.0"
        },
        "click": {
            "hashes": [
                "sha256:63c132bbbed01578a06712a2d1f497bb62d9c1c0d329b7903a866228027263b2",
                "sha256:ed53c9d8990d83c2a27deae68e4ee337473f6330c040a31d4225c9574d16096a"
            ],
            "markers": "python_version >= '3.7'",
            "version": "==8.1.8"
        },
        "colorama": {
            "hashes": [
                "sha256:08695f5cb7ed6e0531a20572697297273c47b8cae5a63ffc6d6ed5c201be6e44",
                "sha256:4f1d9991f5acc0ca119f9d443620b77f9d6b33703e51011c16baf57afb285fc6"
            ],
            "markers": "python_version >= '2.7' and python_version not in '3.0, 3.1, 3.2, 3.3, 3.4, 3.5, 3.6'",
            "version": "==0.4.6"
        },
        "django": {
            "hashes": [
                "sha256:1e39eafdd1b185e761d9fab7a9f0b9fa00af1b37b25ad980a8aa0dac13535690",
                "sha256:8d203400bc2952fbfb287c2bbda630297d654920c72a73cc82a9ad7926feaad5"
            ],
            "markers": "python_version >= '3.10'",
            "version": "==5.1.6"
        },
        "django-debug-toolbar": {
            "hashes": [
                "sha256:296f6f18a80710e84fbb8361538ae5ec522a75ebe9ab67db34bcf1026cbeb420",
                "sha256:7456cc2e951db37dab335686db7803c4a0ecb6736d120705f6668db9548bf49f"
            ],
            "index": "pypi",
            "markers": "python_version >= '3.9'",
            "version": "==5.0.1"
        },
        "mypy-extensions": {
            "hashes": [
                "sha256:4392f6c0eb8a5668a69e23d168ffa70f0be9ccfd32b5cc2d26a34ae5b844552d",
                "sha256:75dbf8955dc00442a438fc4d0666508a9a97b6bd41aa2f0ffe9d2f2725af0782"
            ],
            "markers": "python_version >= '3.5'",
            "version": "==1.0.0"
        },
        "packaging": {
            "hashes": [
                "sha256:09abb1bccd265c01f4a3aa3f7a7db064b36514d2cba19a2f694fe6150451a759",
                "sha256:c228a6dc5e932d346bc5739379109d49e8853dd8223571c7c5b55260edc0b97f"
            ],
            "markers": "python_version >= '3.8'",
            "version": "==24.2"
        },
        "pathspec": {
            "hashes": [
                "sha256:a0d503e138a4c123b27490a4f7beda6a01c6f288df0e4a8b79c7eb0dc7b4cc08",
                "sha256:a482d51503a1ab33b1c67a6c3813a26953dbdc71c31dacaef9a838c4e29f5712"
            ],
            "markers": "python_version >= '3.8'",
            "version": "==0.12.1"
        },
        "platformdirs": {
            "hashes": [
                "sha256:357fb2acbc885b0419afd3ce3ed34564c13c9b95c89360cd9563f73aa5e2b907",
                "sha256:73e575e1408ab8103900836b97580d5307456908a03e92031bab39e4554cc3fb"
            ],
            "markers": "python_version >= '3.8'",
            "version": "==4.3.6"
        },
        "sqlparse": {
            "hashes": [
                "sha256:09f67787f56a0b16ecdbde1bfc7f5d9c3371ca683cfeaa8e6ff60b4807ec9272",
                "sha256:cf2196ed3418f3ba5de6af7e82c694a9fbdbfecccdfc72e281548517081f16ca"
            ],
            "markers": "python_version >= '3.8'",
            "version": "==0.5.3"
        },
        "tzdata": {
            "hashes": [
                "sha256:24894909e88cdb28bd1636c6887801df64cb485bd593f2fd83ef29075a81d694",
                "sha256:7e127113816800496f027041c570f50bcd464a020098a3b6b199517772303639"
            ],
            "markers": "python_version >= '2'",
            "version": "==2025.1"
        }
    }
}
